<?xml version="1.0" encoding="UTF-8"?>
<!DOCTYPE plist PUBLIC "-//Apple//DTD PLIST 1.0//EN" "http://www.apple.com/DTDs/PropertyList-1.0.dtd">
<plist version="1.0">
  <dict>
    <key>objects</key>
    <dict>
      <key>17C4DFC2198E428000E0B395</key>
      <dict>
        <key>isa</key>
        <string>PBXProject</string>
        <key>attributes</key>
        <dict>
          <key>LastUpgradeCheck</key>
          <string>0600</string>
          <key>ORGANIZATIONNAME</key>
          <string>James Frost</string>
          <key>TargetAttributes</key>
          <dict>
            <key>17C4DFC9198E428000E0B395</key>
            <dict>
              <key>CreatedOnToolsVersion</key>
              <string>6.0</string>
            </dict>
            <key>17C4DFDB198E428000E0B395</key>
            <dict>
              <key>CreatedOnToolsVersion</key>
              <string>6.0</string>
              <key>TestTargetID</key>
              <string>17C4DFC9198E428000E0B395</string>
            </dict>
          </dict>
        </dict>
        <key>compatibilityVersion</key>
        <string>Xcode 3.2</string>
        <key>developmentRegion</key>
        <string>English</string>
        <key>hasScannedForEncodings</key>
        <string>0</string>
        <key>knownRegions</key>
        <array>
          <string>en</string>
          <string>Base</string>
        </array>
        <key>projectDirPath</key>
        <string></string>
        <key>projectRoot</key>
        <string></string>
        <key>buildConfigurationList</key>
        <string>17C4DFC5198E428000E0B395</string>
        <key>mainGroup</key>
        <string>17C4DFC1198E428000E0B395</string>
        <key>productRefGroup</key>
        <string>17C4DFCB198E428000E0B395</string>
        <key>targets</key>
        <array>
          <string>17C4DFC9198E428000E0B395</string>
          <string>17C4DFDB198E428000E0B395</string>
        </array>
        <key>projectReferences</key>
        <array/>
      </dict>
      <key>17C4DFE4198E428000E0B395</key>
      <dict>
        <key>isa</key>
        <string>XCBuildConfiguration</string>
        <key>name</key>
        <string>Debug</string>
        <key>buildSettings</key>
        <dict>
          <key>ALWAYS_SEARCH_USER_PATHS</key>
          <string>NO</string>
          <key>CLANG_CXX_LANGUAGE_STANDARD</key>
          <string>gnu++0x</string>
          <key>CLANG_CXX_LIBRARY</key>
          <string>libc++</string>
          <key>CLANG_ENABLE_MODULES</key>
          <string>YES</string>
          <key>CLANG_ENABLE_OBJC_ARC</key>
          <string>YES</string>
          <key>CLANG_WARN_BOOL_CONVERSION</key>
          <string>YES</string>
          <key>CLANG_WARN_CONSTANT_CONVERSION</key>
          <string>YES</string>
          <key>CLANG_WARN_DIRECT_OBJC_ISA_USAGE</key>
          <string>YES_ERROR</string>
          <key>CLANG_WARN_EMPTY_BODY</key>
          <string>YES</string>
          <key>CLANG_WARN_ENUM_CONVERSION</key>
          <string>YES</string>
          <key>CLANG_WARN_INT_CONVERSION</key>
          <string>YES</string>
          <key>CLANG_WARN_OBJC_ROOT_CLASS</key>
          <string>YES_ERROR</string>
          <key>CLANG_WARN_UNREACHABLE_CODE</key>
          <string>YES</string>
          <key>CLANG_WARN__DUPLICATE_METHOD_MATCH</key>
          <string>YES</string>
          <key>CODE_SIGN_IDENTITY[sdk=iphoneos*]</key>
          <string>iPhone Developer</string>
          <key>COPY_PHASE_STRIP</key>
          <string>NO</string>
          <key>ENABLE_STRICT_OBJC_MSGSEND</key>
          <string>YES</string>
          <key>GCC_C_LANGUAGE_STANDARD</key>
          <string>gnu99</string>
          <key>GCC_DYNAMIC_NO_PIC</key>
          <string>NO</string>
          <key>GCC_OPTIMIZATION_LEVEL</key>
          <string>0</string>
          <key>GCC_PREPROCESSOR_DEFINITIONS</key>
          <array>
            <string>DEBUG=1</string>
            <string>$(inherited)</string>
          </array>
          <key>GCC_SYMBOLS_PRIVATE_EXTERN</key>
          <string>NO</string>
          <key>GCC_WARN_64_TO_32_BIT_CONVERSION</key>
          <string>YES</string>
          <key>GCC_WARN_ABOUT_RETURN_TYPE</key>
          <string>YES_ERROR</string>
          <key>GCC_WARN_UNDECLARED_SELECTOR</key>
          <string>YES</string>
          <key>GCC_WARN_UNINITIALIZED_AUTOS</key>
          <string>YES_AGGRESSIVE</string>
          <key>GCC_WARN_UNUSED_FUNCTION</key>
          <string>YES</string>
          <key>GCC_WARN_UNUSED_VARIABLE</key>
          <string>YES</string>
          <key>IPHONEOS_DEPLOYMENT_TARGET</key>
          <string>8.0</string>
          <key>MTL_ENABLE_DEBUG_INFO</key>
          <string>YES</string>
          <key>ONLY_ACTIVE_ARCH</key>
          <string>YES</string>
          <key>SDKROOT</key>
          <string>iphoneos</string>
          <key>SWIFT_OPTIMIZATION_LEVEL</key>
          <string>-Onone</string>
        </dict>
      </dict>
      <key>17C4DFE5198E428000E0B395</key>
      <dict>
        <key>isa</key>
        <string>XCBuildConfiguration</string>
        <key>name</key>
        <string>Release</string>
        <key>buildSettings</key>
        <dict>
          <key>ALWAYS_SEARCH_USER_PATHS</key>
          <string>NO</string>
          <key>CLANG_CXX_LANGUAGE_STANDARD</key>
          <string>gnu++0x</string>
          <key>CLANG_CXX_LIBRARY</key>
          <string>libc++</string>
          <key>CLANG_ENABLE_MODULES</key>
          <string>YES</string>
          <key>CLANG_ENABLE_OBJC_ARC</key>
          <string>YES</string>
          <key>CLANG_WARN_BOOL_CONVERSION</key>
          <string>YES</string>
          <key>CLANG_WARN_CONSTANT_CONVERSION</key>
          <string>YES</string>
          <key>CLANG_WARN_DIRECT_OBJC_ISA_USAGE</key>
          <string>YES_ERROR</string>
          <key>CLANG_WARN_EMPTY_BODY</key>
          <string>YES</string>
          <key>CLANG_WARN_ENUM_CONVERSION</key>
          <string>YES</string>
          <key>CLANG_WARN_INT_CONVERSION</key>
          <string>YES</string>
          <key>CLANG_WARN_OBJC_ROOT_CLASS</key>
          <string>YES_ERROR</string>
          <key>CLANG_WARN_UNREACHABLE_CODE</key>
          <string>YES</string>
          <key>CLANG_WARN__DUPLICATE_METHOD_MATCH</key>
          <string>YES</string>
          <key>CODE_SIGN_IDENTITY[sdk=iphoneos*]</key>
          <string>iPhone Developer</string>
          <key>COPY_PHASE_STRIP</key>
          <string>YES</string>
          <key>ENABLE_NS_ASSERTIONS</key>
          <string>NO</string>
          <key>ENABLE_STRICT_OBJC_MSGSEND</key>
          <string>YES</string>
          <key>GCC_C_LANGUAGE_STANDARD</key>
          <string>gnu99</string>
          <key>GCC_WARN_64_TO_32_BIT_CONVERSION</key>
          <string>YES</string>
          <key>GCC_WARN_ABOUT_RETURN_TYPE</key>
          <string>YES_ERROR</string>
          <key>GCC_WARN_UNDECLARED_SELECTOR</key>
          <string>YES</string>
          <key>GCC_WARN_UNINITIALIZED_AUTOS</key>
          <string>YES_AGGRESSIVE</string>
          <key>GCC_WARN_UNUSED_FUNCTION</key>
          <string>YES</string>
          <key>GCC_WARN_UNUSED_VARIABLE</key>
          <string>YES</string>
          <key>IPHONEOS_DEPLOYMENT_TARGET</key>
          <string>8.0</string>
          <key>MTL_ENABLE_DEBUG_INFO</key>
          <string>NO</string>
          <key>SDKROOT</key>
          <string>iphoneos</string>
          <key>VALIDATE_PRODUCT</key>
          <string>YES</string>
        </dict>
      </dict>
      <key>17C4DFC5198E428000E0B395</key>
      <dict>
        <key>isa</key>
        <string>XCConfigurationList</string>
        <key>defaultConfigurationIsVisible</key>
        <string>0</string>
        <key>defaultConfigurationName</key>
        <string>Release</string>
        <key>buildConfigurations</key>
        <array>
          <string>17C4DFE4198E428000E0B395</string>
          <string>17C4DFE5198E428000E0B395</string>
        </array>
      </dict>
      <key>17C4E020198E4CB500E0B395</key>
      <dict>
        <key>isa</key>
        <string>PBXFileReference</string>
        <key>path</key>
        <string>ID-10029135.jpg</string>
        <key>sourceTree</key>
        <string>&lt;group&gt;</string>
        <key>lastKnownFileType</key>
        <string>image.jpeg</string>
      </dict>
      <key>17C4DFED198E43AD00E0B395</key>
      <dict>
        <key>isa</key>
        <string>PBXFileReference</string>
        <key>path</key>
        <string>ID-100113060.jpg</string>
        <key>sourceTree</key>
        <string>&lt;group&gt;</string>
        <key>lastKnownFileType</key>
        <string>image.jpeg</string>
      </dict>
      <key>17C4DFEE198E43AD00E0B395</key>
      <dict>
        <key>isa</key>
        <string>PBXFileReference</string>
        <key>path</key>
        <string>ID-10011404.jpg</string>
        <key>sourceTree</key>
        <string>&lt;group&gt;</string>
        <key>lastKnownFileType</key>
        <string>image.jpeg</string>
      </dict>
      <key>17C4DFEF198E43AD00E0B395</key>
      <dict>
        <key>isa</key>
        <string>PBXFileReference</string>
        <key>path</key>
        <string>ID-10017782.jpg</string>
        <key>sourceTree</key>
        <string>&lt;group&gt;</string>
        <key>lastKnownFileType</key>
        <string>image.jpeg</string>
      </dict>
      <key>17C4DFF0198E43AD00E0B395</key>
      <dict>
        <key>isa</key>
        <string>PBXFileReference</string>
        <key>path</key>
        <string>ID-10019208.jpg</string>
        <key>sourceTree</key>
        <string>&lt;group&gt;</string>
        <key>lastKnownFileType</key>
        <string>image.jpeg</string>
      </dict>
      <key>17C4DFF1198E43AD00E0B395</key>
      <dict>
        <key>isa</key>
        <string>PBXFileReference</string>
        <key>path</key>
        <string>ID-10022760.jpg</string>
        <key>sourceTree</key>
        <string>&lt;group&gt;</string>
        <key>lastKnownFileType</key>
        <string>image.jpeg</string>
      </dict>
      <key>17C4DFF2198E43AD00E0B395</key>
      <dict>
        <key>isa</key>
        <string>PBXFileReference</string>
        <key>path</key>
        <string>ID-10041194.jpg</string>
        <key>sourceTree</key>
        <string>&lt;group&gt;</string>
        <key>lastKnownFileType</key>
        <string>image.jpeg</string>
      </dict>
      <key>17C4DFF3198E43AD00E0B395</key>
      <dict>
        <key>isa</key>
        <string>PBXFileReference</string>
        <key>path</key>
        <string>ID-10047796.jpg</string>
        <key>sourceTree</key>
        <string>&lt;group&gt;</string>
        <key>lastKnownFileType</key>
        <string>image.jpeg</string>
      </dict>
      <key>17C4DFF4198E43AD00E0B395</key>
      <dict>
        <key>isa</key>
        <string>PBXFileReference</string>
        <key>path</key>
        <string>ID-10056941.jpg</string>
        <key>sourceTree</key>
        <string>&lt;group&gt;</string>
        <key>lastKnownFileType</key>
        <string>image.jpeg</string>
      </dict>
      <key>17C4DFF5198E43AD00E0B395</key>
      <dict>
        <key>isa</key>
        <string>PBXFileReference</string>
        <key>path</key>
        <string>ID-10091065.jpg</string>
        <key>sourceTree</key>
        <string>&lt;group&gt;</string>
        <key>lastKnownFileType</key>
        <string>image.jpeg</string>
      </dict>
      <key>17C4DFF6198E43AD00E0B395</key>
      <dict>
        <key>isa</key>
        <string>PBXFileReference</string>
        <key>path</key>
        <string>ID-10091745.jpg</string>
        <key>sourceTree</key>
        <string>&lt;group&gt;</string>
        <key>lastKnownFileType</key>
        <string>image.jpeg</string>
      </dict>
      <key>17C4DFF7198E43AD00E0B395</key>
      <dict>
        <key>isa</key>
        <string>PBXFileReference</string>
        <key>path</key>
        <string>ID-10092572.jpg</string>
        <key>sourceTree</key>
        <string>&lt;group&gt;</string>
        <key>lastKnownFileType</key>
        <string>image.jpeg</string>
      </dict>
      <key>17C4DFEC198E43AD00E0B395</key>
      <dict>
        <key>isa</key>
        <string>PBXGroup</string>
        <key>sourceTree</key>
        <string>&lt;group&gt;</string>
        <key>path</key>
        <string>Cats</string>
        <key>children</key>
        <array>
          <string>17C4DFED198E43AD00E0B395</string>
          <string>17C4DFEE198E43AD00E0B395</string>
          <string>17C4DFEF198E43AD00E0B395</string>
          <string>17C4DFF0198E43AD00E0B395</string>
          <string>17C4DFF1198E43AD00E0B395</string>
          <string>17C4DFF2198E43AD00E0B395</string>
          <string>17C4DFF3198E43AD00E0B395</string>
          <string>17C4DFF4198E43AD00E0B395</string>
          <string>17C4DFF5198E43AD00E0B395</string>
          <string>17C4DFF6198E43AD00E0B395</string>
          <string>17C4DFF7198E43AD00E0B395</string>
        </array>
      </dict>
      <key>17C4DFF9198E43AD00E0B395</key>
      <dict>
        <key>isa</key>
        <string>PBXFileReference</string>
        <key>path</key>
        <string>ID-100120.jpg</string>
        <key>sourceTree</key>
        <string>&lt;group&gt;</string>
        <key>lastKnownFileType</key>
        <string>image.jpeg</string>
      </dict>
      <key>17C4DFFA198E43AD00E0B395</key>
      <dict>
        <key>isa</key>
        <string>PBXFileReference</string>
        <key>path</key>
        <string>ID-10012923.jpg</string>
        <key>sourceTree</key>
        <string>&lt;group&gt;</string>
        <key>lastKnownFileType</key>
        <string>image.jpeg</string>
      </dict>
      <key>17C4DFFB198E43AD00E0B395</key>
      <dict>
        <key>isa</key>
        <string>PBXFileReference</string>
        <key>path</key>
        <string>ID-100136.jpg</string>
        <key>sourceTree</key>
        <string>&lt;group&gt;</string>
        <key>lastKnownFileType</key>
        <string>image.jpeg</string>
      </dict>
      <key>17C4DFFC198E43AD00E0B395</key>
      <dict>
        <key>isa</key>
        <string>PBXFileReference</string>
        <key>path</key>
        <string>ID-100137.jpg</string>
        <key>sourceTree</key>
        <string>&lt;group&gt;</string>
        <key>lastKnownFileType</key>
        <string>image.jpeg</string>
      </dict>
      <key>17C4DFFD198E43AD00E0B395</key>
      <dict>
        <key>isa</key>
        <string>PBXFileReference</string>
        <key>path</key>
        <string>ID-100140.jpg</string>
        <key>sourceTree</key>
        <string>&lt;group&gt;</string>
        <key>lastKnownFileType</key>
        <string>image.jpeg</string>
      </dict>
      <key>17C4DFFE198E43AD00E0B395</key>
      <dict>
        <key>isa</key>
        <string>PBXFileReference</string>
        <key>path</key>
        <string>ID-10016005.jpg</string>
        <key>sourceTree</key>
        <string>&lt;group&gt;</string>
        <key>lastKnownFileType</key>
        <string>image.jpeg</string>
      </dict>
      <key>17C4DFFF198E43AD00E0B395</key>
      <dict>
        <key>isa</key>
        <string>PBXFileReference</string>
        <key>path</key>
        <string>ID-10018395.jpg</string>
        <key>sourceTree</key>
        <string>&lt;group&gt;</string>
        <key>lastKnownFileType</key>
        <string>image.jpeg</string>
      </dict>
      <key>17C4E000198E43AD00E0B395</key>
      <dict>
        <key>isa</key>
        <string>PBXFileReference</string>
        <key>path</key>
        <string>ID-10021769.jpg</string>
        <key>sourceTree</key>
        <string>&lt;group&gt;</string>
        <key>lastKnownFileType</key>
        <string>image.jpeg</string>
      </dict>
      <key>17C4E001198E43AD00E0B395</key>
      <dict>
        <key>isa</key>
        <string>PBXFileReference</string>
        <key>path</key>
        <string>ID-10034505.jpg</string>
        <key>sourceTree</key>
        <string>&lt;group&gt;</string>
        <key>lastKnownFileType</key>
        <string>image.jpeg</string>
      </dict>
      <key>17C4E002198E43AD00E0B395</key>
      <dict>
        <key>isa</key>
        <string>PBXFileReference</string>
        <key>path</key>
        <string>ID-10056667.jpg</string>
        <key>sourceTree</key>
        <string>&lt;group&gt;</string>
        <key>lastKnownFileType</key>
        <string>image.jpeg</string>
      </dict>
      <key>17C4E003198E43AD00E0B395</key>
      <dict>
        <key>isa</key>
        <string>PBXFileReference</string>
        <key>path</key>
        <string>ID-1009881.jpg</string>
        <key>sourceTree</key>
        <string>&lt;group&gt;</string>
        <key>lastKnownFileType</key>
        <string>image.jpeg</string>
      </dict>
      <key>17C4DFF8198E43AD00E0B395</key>
      <dict>
        <key>isa</key>
        <string>PBXGroup</string>
        <key>sourceTree</key>
        <string>&lt;group&gt;</string>
        <key>path</key>
        <string>Dogs</string>
        <key>children</key>
        <array>
          <string>17C4DFF9198E43AD00E0B395</string>
          <string>17C4DFFA198E43AD00E0B395</string>
          <string>17C4DFFB198E43AD00E0B395</string>
          <string>17C4DFFC198E43AD00E0B395</string>
          <string>17C4DFFD198E43AD00E0B395</string>
          <string>17C4DFFE198E43AD00E0B395</string>
          <string>17C4DFFF198E43AD00E0B395</string>
          <string>17C4E000198E43AD00E0B395</string>
          <string>17C4E001198E43AD00E0B395</string>
          <string>17C4E002198E43AD00E0B395</string>
          <string>17C4E003198E43AD00E0B395</string>
        </array>
      </dict>
      <key>17BDB3511998A8860064476C</key>
      <dict>
        <key>isa</key>
        <string>PBXGroup</string>
        <key>sourceTree</key>
        <string>&lt;group&gt;</string>
        <key>path</key>
        <string>Resources</string>
        <key>name</key>
        <string>Resources</string>
        <key>children</key>
        <array>
          <string>17C4E020198E4CB500E0B395</string>
          <string>17C4DFEC198E43AD00E0B395</string>
          <string>17C4DFF8198E43AD00E0B395</string>
        </array>
      </dict>
      <key>17C4DFCF198E428000E0B395</key>
      <dict>
        <key>isa</key>
        <string>PBXFileReference</string>
        <key>path</key>
        <string>AppDelegate.swift</string>
        <key>sourceTree</key>
        <string>&lt;group&gt;</string>
        <key>lastKnownFileType</key>
        <string>sourcecode.swift</string>
      </dict>
      <key>17C4E01E198E477C00E0B395</key>
      <dict>
        <key>isa</key>
        <string>PBXFileReference</string>
        <key>path</key>
        <string>CenterViewController.swift</string>
        <key>sourceTree</key>
        <string>&lt;group&gt;</string>
        <key>lastKnownFileType</key>
        <string>sourcecode.swift</string>
        <key>fileEncoding</key>
        <string>4</string>
      </dict>
      <key>178B5A5C198E7379006414ED</key>
      <dict>
        <key>isa</key>
        <string>PBXFileReference</string>
        <key>path</key>
        <string>ContainerViewController.swift</string>
        <key>sourceTree</key>
        <string>&lt;group&gt;</string>
        <key>lastKnownFileType</key>
        <string>sourcecode.swift</string>
        <key>fileEncoding</key>
        <string>4</string>
      </dict>
      <key>17C4E022198E504400E0B395</key>
      <dict>
        <key>isa</key>
        <string>PBXFileReference</string>
        <key>path</key>
        <string>SidePanelViewController.swift</string>
        <key>sourceTree</key>
        <string>&lt;group&gt;</string>
        <key>lastKnownFileType</key>
        <string>sourcecode.swift</string>
        <key>fileEncoding</key>
        <string>4</string>
      </dict>
      <key>17C4E01A198E444000E0B395</key>
      <dict>
        <key>isa</key>
        <string>PBXFileReference</string>
        <key>path</key>
        <string>Animal.swift</string>
        <key>sourceTree</key>
        <string>&lt;group&gt;</string>
        <key>lastKnownFileType</key>
        <string>sourcecode.swift</string>
        <key>fileEncoding</key>
        <string>4</string>
      </dict>
      <key>17C4DFD4198E428000E0B395</key>
      <dict>
        <key>isa</key>
        <string>PBXFileReference</string>
        <key>name</key>
        <string>Base</string>
        <key>path</key>
        <string>Base.lproj/Main.storyboard</string>
        <key>sourceTree</key>
        <string>&lt;group&gt;</string>
        <key>lastKnownFileType</key>
        <string>file.storyboard</string>
      </dict>
      <key>17C4DFD3198E428000E0B395</key>
      <dict>
        <key>isa</key>
        <string>PBXVariantGroup</string>
        <key>sourceTree</key>
        <string>&lt;group&gt;</string>
        <key>name</key>
        <string>Main.storyboard</string>
        <key>children</key>
        <array>
          <string>17C4DFD4198E428000E0B395</string>
        </array>
      </dict>
      <key>17C4DFD6198E428000E0B395</key>
      <dict>
        <key>isa</key>
        <string>PBXFileReference</string>
        <key>path</key>
        <string>Images.xcassets</string>
        <key>sourceTree</key>
        <string>&lt;group&gt;</string>
        <key>lastKnownFileType</key>
        <string>folder.assetcatalog</string>
      </dict>
      <key>17C4DFCE198E428000E0B395</key>
      <dict>
        <key>isa</key>
        <string>PBXFileReference</string>
        <key>path</key>
        <string>Info.plist</string>
        <key>sourceTree</key>
        <string>&lt;group&gt;</string>
        <key>lastKnownFileType</key>
        <string>text.plist.xml</string>
      </dict>
      <key>17C4DFCD198E428000E0B395</key>
      <dict>
        <key>isa</key>
        <string>PBXGroup</string>
        <key>sourceTree</key>
        <string>&lt;group&gt;</string>
        <key>path</key>
        <string>Supporting Files</string>
        <key>name</key>
        <string>Supporting Files</string>
        <key>children</key>
        <array>
          <string>17C4DFCE198E428000E0B395</string>
        </array>
      </dict>
      <key>17C4DFCC198E428000E0B395</key>
      <dict>
        <key>isa</key>
        <string>PBXGroup</string>
        <key>sourceTree</key>
        <string>&lt;group&gt;</string>
        <key>path</key>
        <string>SlideOutNavigation</string>
        <key>children</key>
        <array>
          <string>17BDB3511998A8860064476C</string>
          <string>17C4DFCF198E428000E0B395</string>
          <string>17C4E01E198E477C00E0B395</string>
          <string>178B5A5C198E7379006414ED</string>
          <string>17C4E022198E504400E0B395</string>
          <string>17C4E01A198E444000E0B395</string>
          <string>17C4DFD3198E428000E0B395</string>
          <string>17C4DFD6198E428000E0B395</string>
          <string>17C4DFCD198E428000E0B395</string>
        </array>
      </dict>
      <key>17C4DFE2198E428000E0B395</key>
      <dict>
        <key>isa</key>
        <string>PBXFileReference</string>
        <key>path</key>
        <string>SlideOutNavigationTests.swift</string>
        <key>sourceTree</key>
        <string>&lt;group&gt;</string>
        <key>lastKnownFileType</key>
        <string>sourcecode.swift</string>
      </dict>
      <key>17C4DFE1198E428000E0B395</key>
      <dict>
        <key>isa</key>
        <string>PBXFileReference</string>
        <key>path</key>
        <string>Info.plist</string>
        <key>sourceTree</key>
        <string>&lt;group&gt;</string>
        <key>lastKnownFileType</key>
        <string>text.plist.xml</string>
      </dict>
      <key>17C4DFE0198E428000E0B395</key>
      <dict>
        <key>isa</key>
        <string>PBXGroup</string>
        <key>sourceTree</key>
        <string>&lt;group&gt;</string>
        <key>path</key>
        <string>Supporting Files</string>
        <key>name</key>
        <string>Supporting Files</string>
        <key>children</key>
        <array>
          <string>17C4DFE1198E428000E0B395</string>
        </array>
      </dict>
      <key>17C4DFDF198E428000E0B395</key>
      <dict>
        <key>isa</key>
        <string>PBXGroup</string>
        <key>sourceTree</key>
        <string>&lt;group&gt;</string>
        <key>path</key>
        <string>SlideOutNavigationTests</string>
        <key>children</key>
        <array>
          <string>17C4DFE2198E428000E0B395</string>
          <string>17C4DFE0198E428000E0B395</string>
        </array>
      </dict>
      <key>17C4DFCA198E428000E0B395</key>
      <dict>
        <key>isa</key>
        <string>PBXFileReference</string>
        <key>path</key>
        <string>SlideOutNavigation.app</string>
        <key>sourceTree</key>
        <string>BUILT_PRODUCTS_DIR</string>
        <key>explicitFileType</key>
        <string>wrapper.application</string>
        <key>includeInIndex</key>
        <string>0</string>
      </dict>
      <key>17C4DFDC198E428000E0B395</key>
      <dict>
        <key>isa</key>
        <string>PBXFileReference</string>
        <key>path</key>
        <string>SlideOutNavigationTests.xctest</string>
        <key>sourceTree</key>
        <string>BUILT_PRODUCTS_DIR</string>
        <key>explicitFileType</key>
        <string>wrapper.cfbundle</string>
        <key>includeInIndex</key>
        <string>0</string>
      </dict>
      <key>17C4DFCB198E428000E0B395</key>
      <dict>
        <key>isa</key>
        <string>PBXGroup</string>
        <key>sourceTree</key>
        <string>&lt;group&gt;</string>
        <key>name</key>
        <string>Products</string>
        <key>children</key>
        <array>
          <string>17C4DFCA198E428000E0B395</string>
          <string>17C4DFDC198E428000E0B395</string>
        </array>
      </dict>
      <key>17C4DFC1198E428000E0B395</key>
      <dict>
        <key>isa</key>
        <string>PBXGroup</string>
        <key>sourceTree</key>
        <string>&lt;group&gt;</string>
        <key>children</key>
        <array>
          <string>17C4DFCC198E428000E0B395</string>
          <string>17C4DFDF198E428000E0B395</string>
          <string>17C4DFCB198E428000E0B395</string>
        </array>
      </dict>
      <key>17C4DFE7198E428000E0B395</key>
      <dict>
        <key>isa</key>
        <string>XCBuildConfiguration</string>
        <key>name</key>
        <string>Debug</string>
        <key>buildSettings</key>
        <dict>
          <key>ASSETCATALOG_COMPILER_APPICON_NAME</key>
          <string>AppIcon</string>
          <key>ASSETCATALOG_COMPILER_LAUNCHIMAGE_NAME</key>
          <string>LaunchImage</string>
          <key>INFOPLIST_FILE</key>
          <string>SlideOutNavigation/Supporting Files/Info.plist</string>
          <key>LD_RUNPATH_SEARCH_PATHS</key>
          <string>$(inherited) @executable_path/Frameworks</string>
          <key>PRODUCT_NAME</key>
          <string>$(TARGET_NAME)</string>
        </dict>
      </dict>
      <key>17C4DFE8198E428000E0B395</key>
      <dict>
        <key>isa</key>
        <string>XCBuildConfiguration</string>
        <key>name</key>
        <string>Release</string>
        <key>buildSettings</key>
        <dict>
          <key>ASSETCATALOG_COMPILER_APPICON_NAME</key>
          <string>AppIcon</string>
          <key>ASSETCATALOG_COMPILER_LAUNCHIMAGE_NAME</key>
          <string>LaunchImage</string>
          <key>INFOPLIST_FILE</key>
          <string>SlideOutNavigation/Supporting Files/Info.plist</string>
          <key>LD_RUNPATH_SEARCH_PATHS</key>
          <string>$(inherited) @executable_path/Frameworks</string>
          <key>PRODUCT_NAME</key>
          <string>$(TARGET_NAME)</string>
        </dict>
      </dict>
      <key>17C4DFE6198E428000E0B395</key>
      <dict>
        <key>isa</key>
        <string>XCConfigurationList</string>
        <key>defaultConfigurationIsVisible</key>
        <string>0</string>
        <key>defaultConfigurationName</key>
        <string>Release</string>
        <key>buildConfigurations</key>
        <array>
          <string>17C4DFE7198E428000E0B395</string>
          <string>17C4DFE8198E428000E0B395</string>
        </array>
      </dict>
      <key>17C4DFD0198E428000E0B395</key>
      <dict>
        <key>isa</key>
        <string>PBXBuildFile</string>
        <key>fileRef</key>
        <string>17C4DFCF198E428000E0B395</string>
      </dict>
      <key>17C4E01B198E444000E0B395</key>
      <dict>
        <key>isa</key>
        <string>PBXBuildFile</string>
        <key>fileRef</key>
        <string>17C4E01A198E444000E0B395</string>
      </dict>
      <key>178B5A5D198E7379006414ED</key>
      <dict>
        <key>isa</key>
        <string>PBXBuildFile</string>
        <key>fileRef</key>
        <string>178B5A5C198E7379006414ED</string>
      </dict>
      <key>17C4E023198E504400E0B395</key>
      <dict>
        <key>isa</key>
        <string>PBXBuildFile</string>
        <key>fileRef</key>
        <string>17C4E022198E504400E0B395</string>
      </dict>
      <key>17C4E01F198E477C00E0B395</key>
      <dict>
        <key>isa</key>
        <string>PBXBuildFile</string>
        <key>fileRef</key>
        <string>17C4E01E198E477C00E0B395</string>
      </dict>
      <key>17C4DFC6198E428000E0B395</key>
      <dict>
        <key>isa</key>
        <string>PBXSourcesBuildPhase</string>
        <key>buildActionMask</key>
        <string>2147483647</string>
        <key>runOnlyForDeploymentPostprocessing</key>
        <string>0</string>
        <key>files</key>
        <array>
          <string>17C4DFD0198E428000E0B395</string>
          <string>17C4E01B198E444000E0B395</string>
          <string>178B5A5D198E7379006414ED</string>
          <string>17C4E023198E504400E0B395</string>
          <string>17C4E01F198E477C00E0B395</string>
        </array>
      </dict>
      <key>17C4DFC7198E428000E0B395</key>
      <dict>
        <key>isa</key>
        <string>PBXFrameworksBuildPhase</string>
        <key>buildActionMask</key>
        <string>2147483647</string>
        <key>runOnlyForDeploymentPostprocessing</key>
        <string>0</string>
        <key>files</key>
        <array/>
      </dict>
      <key>17C4E013198E43AD00E0B395</key>
      <dict>
        <key>isa</key>
        <string>PBXBuildFile</string>
        <key>fileRef</key>
        <string>17C4DFFD198E43AD00E0B395</string>
      </dict>
      <key>17C4E021198E4CB500E0B395</key>
      <dict>
        <key>isa</key>
        <string>PBXBuildFile</string>
        <key>fileRef</key>
        <string>17C4E020198E4CB500E0B395</string>
      </dict>
      <key>17C4DFD5198E428000E0B395</key>
      <dict>
        <key>isa</key>
        <string>PBXBuildFile</string>
        <key>fileRef</key>
        <string>17C4DFD3198E428000E0B395</string>
      </dict>
      <key>17C4E011198E43AD00E0B395</key>
      <dict>
        <key>isa</key>
        <string>PBXBuildFile</string>
        <key>fileRef</key>
        <string>17C4DFFB198E43AD00E0B395</string>
      </dict>
      <key>17C4E00C198E43AD00E0B395</key>
      <dict>
        <key>isa</key>
        <string>PBXBuildFile</string>
        <key>fileRef</key>
        <string>17C4DFF5198E43AD00E0B395</string>
      </dict>
      <key>17C4E014198E43AD00E0B395</key>
      <dict>
        <key>isa</key>
        <string>PBXBuildFile</string>
        <key>fileRef</key>
        <string>17C4DFFE198E43AD00E0B395</string>
      </dict>
      <key>17C4E007198E43AD00E0B395</key>
      <dict>
        <key>isa</key>
        <string>PBXBuildFile</string>
        <key>fileRef</key>
        <string>17C4DFF0198E43AD00E0B395</string>
      </dict>
      <key>17C4E00D198E43AD00E0B395</key>
      <dict>
        <key>isa</key>
        <string>PBXBuildFile</string>
        <key>fileRef</key>
        <string>17C4DFF6198E43AD00E0B395</string>
      </dict>
      <key>17C4E004198E43AD00E0B395</key>
      <dict>
        <key>isa</key>
        <string>PBXBuildFile</string>
        <key>fileRef</key>
        <string>17C4DFED198E43AD00E0B395</string>
      </dict>
      <key>17C4DFD7198E428000E0B395</key>
      <dict>
        <key>isa</key>
        <string>PBXBuildFile</string>
        <key>fileRef</key>
        <string>17C4DFD6198E428000E0B395</string>
      </dict>
      <key>17C4E00B198E43AD00E0B395</key>
      <dict>
        <key>isa</key>
        <string>PBXBuildFile</string>
        <key>fileRef</key>
        <string>17C4DFF4198E43AD00E0B395</string>
      </dict>
      <key>17C4E009198E43AD00E0B395</key>
      <dict>
        <key>isa</key>
        <string>PBXBuildFile</string>
        <key>fileRef</key>
        <string>17C4DFF2198E43AD00E0B395</string>
      </dict>
      <key>17C4E00A198E43AD00E0B395</key>
      <dict>
        <key>isa</key>
        <string>PBXBuildFile</string>
        <key>fileRef</key>
        <string>17C4DFF3198E43AD00E0B395</string>
      </dict>
      <key>17C4E00E198E43AD00E0B395</key>
      <dict>
        <key>isa</key>
        <string>PBXBuildFile</string>
        <key>fileRef</key>
        <string>17C4DFF7198E43AD00E0B395</string>
      </dict>
      <key>17C4E016198E43AD00E0B395</key>
      <dict>
        <key>isa</key>
        <string>PBXBuildFile</string>
        <key>fileRef</key>
        <string>17C4E000198E43AD00E0B395</string>
      </dict>
      <key>17C4E005198E43AD00E0B395</key>
      <dict>
        <key>isa</key>
        <string>PBXBuildFile</string>
        <key>fileRef</key>
        <string>17C4DFEE198E43AD00E0B395</string>
      </dict>
      <key>17C4E012198E43AD00E0B395</key>
      <dict>
        <key>isa</key>
        <string>PBXBuildFile</string>
        <key>fileRef</key>
        <string>17C4DFFC198E43AD00E0B395</string>
      </dict>
      <key>17C4E015198E43AD00E0B395</key>
      <dict>
        <key>isa</key>
        <string>PBXBuildFile</string>
        <key>fileRef</key>
        <string>17C4DFFF198E43AD00E0B395</string>
      </dict>
      <key>17C4E010198E43AD00E0B395</key>
      <dict>
        <key>isa</key>
        <string>PBXBuildFile</string>
        <key>fileRef</key>
        <string>17C4DFFA198E43AD00E0B395</string>
      </dict>
      <key>17C4E019198E43AD00E0B395</key>
      <dict>
        <key>isa</key>
        <string>PBXBuildFile</string>
        <key>fileRef</key>
        <string>17C4E003198E43AD00E0B395</string>
      </dict>
      <key>17C4E008198E43AD00E0B395</key>
      <dict>
        <key>isa</key>
        <string>PBXBuildFile</string>
        <key>fileRef</key>
        <string>17C4DFF1198E43AD00E0B395</string>
      </dict>
      <key>17C4E00F198E43AD00E0B395</key>
      <dict>
        <key>isa</key>
        <string>PBXBuildFile</string>
        <key>fileRef</key>
        <string>17C4DFF9198E43AD00E0B395</string>
      </dict>
      <key>17C4E017198E43AD00E0B395</key>
      <dict>
        <key>isa</key>
        <string>PBXBuildFile</string>
        <key>fileRef</key>
        <string>17C4E001198E43AD00E0B395</string>
      </dict>
      <key>17C4E018198E43AD00E0B395</key>
      <dict>
        <key>isa</key>
        <string>PBXBuildFile</string>
        <key>fileRef</key>
        <string>17C4E002198E43AD00E0B395</string>
      </dict>
      <key>17C4E006198E43AD00E0B395</key>
      <dict>
        <key>isa</key>
        <string>PBXBuildFile</string>
        <key>fileRef</key>
        <string>17C4DFEF198E43AD00E0B395</string>
      </dict>
      <key>17C4DFC8198E428000E0B395</key>
      <dict>
        <key>isa</key>
        <string>PBXResourcesBuildPhase</string>
        <key>buildActionMask</key>
        <string>2147483647</string>
        <key>runOnlyForDeploymentPostprocessing</key>
        <string>0</string>
        <key>files</key>
        <array>
          <string>17C4E013198E43AD00E0B395</string>
          <string>17C4E021198E4CB500E0B395</string>
          <string>17C4DFD5198E428000E0B395</string>
          <string>17C4E011198E43AD00E0B395</string>
          <string>17C4E00C198E43AD00E0B395</string>
          <string>17C4E014198E43AD00E0B395</string>
          <string>17C4E007198E43AD00E0B395</string>
          <string>17C4E00D198E43AD00E0B395</string>
          <string>17C4E004198E43AD00E0B395</string>
          <string>17C4DFD7198E428000E0B395</string>
          <string>17C4E00B198E43AD00E0B395</string>
          <string>17C4E009198E43AD00E0B395</string>
          <string>17C4E00A198E43AD00E0B395</string>
          <string>17C4E00E198E43AD00E0B395</string>
          <string>17C4E016198E43AD00E0B395</string>
          <string>17C4E005198E43AD00E0B395</string>
          <string>17C4E012198E43AD00E0B395</string>
          <string>17C4E015198E43AD00E0B395</string>
          <string>17C4E010198E43AD00E0B395</string>
          <string>17C4E019198E43AD00E0B395</string>
          <string>17C4E008198E43AD00E0B395</string>
          <string>17C4E00F198E43AD00E0B395</string>
          <string>17C4E017198E43AD00E0B395</string>
          <string>17C4E018198E43AD00E0B395</string>
          <string>17C4E006198E43AD00E0B395</string>
        </array>
      </dict>
      <key>17C4DFC9198E428000E0B395</key>
      <dict>
        <key>isa</key>
        <string>PBXNativeTarget</string>
        <key>productType</key>
        <string>com.apple.product-type.application</string>
        <key>name</key>
        <string>SlideOutNavigation</string>
        <key>productName</key>
        <string>SlideOutNavigation</string>
        <key>productReference</key>
        <string>17C4DFCA198E428000E0B395</string>
        <key>buildConfigurationList</key>
        <string>17C4DFE6198E428000E0B395</string>
        <key>buildRules</key>
        <array/>
        <key>buildPhases</key>
        <array>
          <string>17C4DFC6198E428000E0B395</string>
          <string>17C4DFC7198E428000E0B395</string>
          <string>17C4DFC8198E428000E0B395</string>
        </array>
        <key>dependencies</key>
        <array/>
      </dict>
      <key>17C4DFEA198E428000E0B395</key>
      <dict>
        <key>isa</key>
        <string>XCBuildConfiguration</string>
        <key>name</key>
        <string>Debug</string>
        <key>buildSettings</key>
        <dict>
          <key>BUNDLE_LOADER</key>
          <string>$(BUILT_PRODUCTS_DIR)/SlideOutNavigation.app/SlideOutNavigation</string>
          <key>FRAMEWORK_SEARCH_PATHS</key>
          <array>
            <string>$(SDKROOT)/Developer/Library/Frameworks</string>
            <string>$(inherited)</string>
          </array>
          <key>GCC_PREPROCESSOR_DEFINITIONS</key>
          <array>
            <string>DEBUG=1</string>
            <string>$(inherited)</string>
          </array>
          <key>INFOPLIST_FILE</key>
          <string>SlideOutNavigationTests/Supporting Files/Info.plist</string>
          <key>LD_RUNPATH_SEARCH_PATHS</key>
          <string>$(inherited) @executable_path/Frameworks @loader_path/Frameworks</string>
          <key>PRODUCT_NAME</key>
          <string>$(TARGET_NAME)</string>
          <key>TEST_HOST</key>
          <string>$(BUNDLE_LOADER)</string>
        </dict>
      </dict>
      <key>17C4DFEB198E428000E0B395</key>
      <dict>
        <key>isa</key>
        <string>XCBuildConfiguration</string>
        <key>name</key>
        <string>Release</string>
        <key>buildSettings</key>
        <dict>
          <key>BUNDLE_LOADER</key>
          <string>$(BUILT_PRODUCTS_DIR)/SlideOutNavigation.app/SlideOutNavigation</string>
          <key>FRAMEWORK_SEARCH_PATHS</key>
          <array>
            <string>$(SDKROOT)/Developer/Library/Frameworks</string>
            <string>$(inherited)</string>
          </array>
          <key>INFOPLIST_FILE</key>
          <string>SlideOutNavigationTests/Supporting Files/Info.plist</string>
          <key>LD_RUNPATH_SEARCH_PATHS</key>
          <string>$(inherited) @executable_path/Frameworks @loader_path/Frameworks</string>
          <key>PRODUCT_NAME</key>
          <string>$(TARGET_NAME)</string>
          <key>TEST_HOST</key>
          <string>$(BUNDLE_LOADER)</string>
        </dict>
      </dict>
      <key>17C4DFE9198E428000E0B395</key>
      <dict>
        <key>isa</key>
        <string>XCConfigurationList</string>
        <key>defaultConfigurationIsVisible</key>
        <string>0</string>
        <key>defaultConfigurationName</key>
        <string>Release</string>
        <key>buildConfigurations</key>
        <array>
          <string>17C4DFEA198E428000E0B395</string>
          <string>17C4DFEB198E428000E0B395</string>
        </array>
      </dict>
      <key>17C4DFE3198E428000E0B395</key>
      <dict>
        <key>isa</key>
        <string>PBXBuildFile</string>
        <key>fileRef</key>
        <string>17C4DFE2198E428000E0B395</string>
      </dict>
      <key>17C4DFD8198E428000E0B395</key>
      <dict>
        <key>isa</key>
        <string>PBXSourcesBuildPhase</string>
        <key>buildActionMask</key>
        <string>2147483647</string>
        <key>runOnlyForDeploymentPostprocessing</key>
        <string>0</string>
        <key>files</key>
        <array>
          <string>17C4DFE3198E428000E0B395</string>
        </array>
      </dict>
      <key>17C4DFD9198E428000E0B395</key>
      <dict>
        <key>isa</key>
        <string>PBXFrameworksBuildPhase</string>
        <key>buildActionMask</key>
        <string>2147483647</string>
        <key>runOnlyForDeploymentPostprocessing</key>
        <string>0</string>
        <key>files</key>
        <array/>
      </dict>
      <key>17C4DFDA198E428000E0B395</key>
      <dict>
        <key>isa</key>
        <string>PBXResourcesBuildPhase</string>
        <key>buildActionMask</key>
        <string>2147483647</string>
        <key>runOnlyForDeploymentPostprocessing</key>
        <string>0</string>
        <key>files</key>
        <array/>
      </dict>
      <key>17C4DFDD198E428000E0B395</key>
      <dict>
        <key>isa</key>
        <string>PBXContainerItemProxy</string>
        <key>containerPortal</key>
        <string>17C4DFC2198E428000E0B395</string>
        <key>proxyType</key>
        <string>1</string>
        <key>remoteGlobalIDString</key>
        <string>17C4DFC9198E428000E0B395</string>
        <key>remoteInfo</key>
        <string>SlideOutNavigation</string>
      </dict>
      <key>17C4DFDE198E428000E0B395</key>
      <dict>
        <key>isa</key>
        <string>PBXTargetDependency</string>
        <key>target</key>
        <string>17C4DFC9198E428000E0B395</string>
        <key>targetProxy</key>
        <string>17C4DFDD198E428000E0B395</string>
      </dict>
      <key>17C4DFDB198E428000E0B395</key>
      <dict>
        <key>isa</key>
        <string>PBXNativeTarget</string>
        <key>productType</key>
        <string>com.apple.product-type.bundle.unit-test</string>
        <key>name</key>
        <string>SlideOutNavigationTests</string>
        <key>productName</key>
        <string>SlideOutNavigationTests</string>
        <key>productReference</key>
        <string>17C4DFDC198E428000E0B395</string>
        <key>buildConfigurationList</key>
        <string>17C4DFE9198E428000E0B395</string>
        <key>buildRules</key>
        <array/>
        <key>buildPhases</key>
        <array>
          <string>17C4DFD8198E428000E0B395</string>
          <string>17C4DFD9198E428000E0B395</string>
          <string>17C4DFDA198E428000E0B395</string>
        </array>
        <key>dependencies</key>
        <array>
          <string>17C4DFDE198E428000E0B395</string>
        </array>
      </dict>
    </dict>
    <key>archiveVersion</key>
    <string>1</string>
    <key>objectVersion</key>
    <string>46</string>
    <key>classes</key>
    <dict/>
    <key>rootObject</key>
    <string>17C4DFC2198E428000E0B395</string>
  </dict>
</plist>
